// !$*UTF8*$!
{
	archiveVersion = 1;
	classes = {
	};
	objectVersion = 56;
	objects = {

/* Begin PBXBuildFile section */
		4D2A8F332A4B5E8C008D2940 /* String+Extensions.swift in Sources */ = {isa = PBXBuildFile; fileRef = 4D2A8F322A4B5E8C008D2940 /* String+Extensions.swift */; };
		4D2A8F362A4B6E62008D2940 /* CoreDataManager.swift in Sources */ = {isa = PBXBuildFile; fileRef = 4D2A8F352A4B6E62008D2940 /* CoreDataManager.swift */; };
		4D2A8F372A4B6E6B008D2940 /* CoreDataManager.swift in Sources */ = {isa = PBXBuildFile; fileRef = 4D2A8F352A4B6E62008D2940 /* CoreDataManager.swift */; };
		4D2A8F3B2A4B6F57008D2940 /* HistoryModel.xcdatamodeld in Sources */ = {isa = PBXBuildFile; fileRef = 4D2A8F392A4B6F57008D2940 /* HistoryModel.xcdatamodeld */; };
		4D2A8F3D2A4C616C008D2940 /* QueryModel.swift in Sources */ = {isa = PBXBuildFile; fileRef = 4D2A8F3C2A4C616C008D2940 /* QueryModel.swift */; };
		4D2A8F3E2A4C616C008D2940 /* QueryModel.swift in Sources */ = {isa = PBXBuildFile; fileRef = 4D2A8F3C2A4C616C008D2940 /* QueryModel.swift */; };
		4D6B06572A49E5AF00D8677C /* iOSChatGPTApp.swift in Sources */ = {isa = PBXBuildFile; fileRef = 4D6B06562A49E5AF00D8677C /* iOSChatGPTApp.swift */; };
		4D6B06592A49E5AF00D8677C /* ContentView.swift in Sources */ = {isa = PBXBuildFile; fileRef = 4D6B06582A49E5AF00D8677C /* ContentView.swift */; };
		4D6B065B2A49E5B200D8677C /* Assets.xcassets in Resources */ = {isa = PBXBuildFile; fileRef = 4D6B065A2A49E5B200D8677C /* Assets.xcassets */; };
		4D6B065E2A49E5B200D8677C /* Preview Assets.xcassets in Resources */ = {isa = PBXBuildFile; fileRef = 4D6B065D2A49E5B200D8677C /* Preview Assets.xcassets */; };
		4D6B06692A49E5CD00D8677C /* MacOSChatGPTApp.swift in Sources */ = {isa = PBXBuildFile; fileRef = 4D6B06682A49E5CD00D8677C /* MacOSChatGPTApp.swift */; };
		4D6B066B2A49E5CD00D8677C /* ContentView.swift in Sources */ = {isa = PBXBuildFile; fileRef = 4D6B066A2A49E5CD00D8677C /* ContentView.swift */; };
		4D6B066D2A49E5CE00D8677C /* Assets.xcassets in Resources */ = {isa = PBXBuildFile; fileRef = 4D6B066C2A49E5CE00D8677C /* Assets.xcassets */; };
		4D6B06702A49E5CE00D8677C /* Preview Assets.xcassets in Resources */ = {isa = PBXBuildFile; fileRef = 4D6B066F2A49E5CE00D8677C /* Preview Assets.xcassets */; };
		4D6B06782A49E7A100D8677C /* OpenAISwift in Frameworks */ = {isa = PBXBuildFile; productRef = 4D6B06772A49E7A100D8677C /* OpenAISwift */; };
		4D6B067B2A49E7D300D8677C /* OpenAISwift in Frameworks */ = {isa = PBXBuildFile; productRef = 4D6B067A2A49E7D300D8677C /* OpenAISwift */; };
		4D8AFDBF2A4A15FA0000FAA5 /* MainView.swift in Sources */ = {isa = PBXBuildFile; fileRef = 4D8AFDBE2A4A15FA0000FAA5 /* MainView.swift */; };
		4D8AFDC02A4A15FA0000FAA5 /* MainView.swift in Sources */ = {isa = PBXBuildFile; fileRef = 4D8AFDBE2A4A15FA0000FAA5 /* MainView.swift */; };
/* End PBXBuildFile section */

/* Begin PBXFileReference section */
		4D2A8F322A4B5E8C008D2940 /* String+Extensions.swift */ = {isa = PBXFileReference; lastKnownFileType = sourcecode.swift; path = "String+Extensions.swift"; sourceTree = "<group>"; };
		4D2A8F352A4B6E62008D2940 /* CoreDataManager.swift */ = {isa = PBXFileReference; lastKnownFileType = sourcecode.swift; path = CoreDataManager.swift; sourceTree = "<group>"; };
		4D2A8F3A2A4B6F57008D2940 /* HistoryModel.xcdatamodel */ = {isa = PBXFileReference; lastKnownFileType = wrapper.xcdatamodel; path = HistoryModel.xcdatamodel; sourceTree = "<group>"; };
		4D2A8F3C2A4C616C008D2940 /* QueryModel.swift */ = {isa = PBXFileReference; lastKnownFileType = sourcecode.swift; path = QueryModel.swift; sourceTree = "<group>"; };
		4D6B06532A49E5AF00D8677C /* iOSChatGPT.app */ = {isa = PBXFileReference; explicitFileType = wrapper.application; includeInIndex = 0; path = iOSChatGPT.app; sourceTree = BUILT_PRODUCTS_DIR; };
		4D6B06562A49E5AF00D8677C /* iOSChatGPTApp.swift */ = {isa = PBXFileReference; lastKnownFileType = sourcecode.swift; path = iOSChatGPTApp.swift; sourceTree = "<group>"; };
		4D6B06582A49E5AF00D8677C /* ContentView.swift */ = {isa = PBXFileReference; lastKnownFileType = sourcecode.swift; path = ContentView.swift; sourceTree = "<group>"; };
		4D6B065A2A49E5B200D8677C /* Assets.xcassets */ = {isa = PBXFileReference; lastKnownFileType = folder.assetcatalog; path = Assets.xcassets; sourceTree = "<group>"; };
		4D6B065D2A49E5B200D8677C /* Preview Assets.xcassets */ = {isa = PBXFileReference; lastKnownFileType = folder.assetcatalog; path = "Preview Assets.xcassets"; sourceTree = "<group>"; };
		4D6B06662A49E5CD00D8677C /* MacOSChatGPT.app */ = {isa = PBXFileReference; explicitFileType = wrapper.application; includeInIndex = 0; path = MacOSChatGPT.app; sourceTree = BUILT_PRODUCTS_DIR; };
		4D6B06682A49E5CD00D8677C /* MacOSChatGPTApp.swift */ = {isa = PBXFileReference; lastKnownFileType = sourcecode.swift; path = MacOSChatGPTApp.swift; sourceTree = "<group>"; };
		4D6B066A2A49E5CD00D8677C /* ContentView.swift */ = {isa = PBXFileReference; lastKnownFileType = sourcecode.swift; path = ContentView.swift; sourceTree = "<group>"; };
		4D6B066C2A49E5CE00D8677C /* Assets.xcassets */ = {isa = PBXFileReference; lastKnownFileType = folder.assetcatalog; path = Assets.xcassets; sourceTree = "<group>"; };
		4D6B066F2A49E5CE00D8677C /* Preview Assets.xcassets */ = {isa = PBXFileReference; lastKnownFileType = folder.assetcatalog; path = "Preview Assets.xcassets"; sourceTree = "<group>"; };
		4D6B06712A49E5CE00D8677C /* MacOSChatGPT.entitlements */ = {isa = PBXFileReference; lastKnownFileType = text.plist.entitlements; path = MacOSChatGPT.entitlements; sourceTree = "<group>"; };
		4D6B067D2A4A085A00D8677C /* Config.xcconfig */ = {isa = PBXFileReference; lastKnownFileType = text.xcconfig; path = Config.xcconfig; sourceTree = "<group>"; };
		4D6B067E2A4A123D00D8677C /* Info.plist */ = {isa = PBXFileReference; lastKnownFileType = text.plist; path = Info.plist; sourceTree = "<group>"; };
		4D8AFDBE2A4A15FA0000FAA5 /* MainView.swift */ = {isa = PBXFileReference; lastKnownFileType = sourcecode.swift; path = MainView.swift; sourceTree = "<group>"; };
/* End PBXFileReference section */

/* Begin PBXFrameworksBuildPhase section */
		4D6B06502A49E5AF00D8677C /* Frameworks */ = {
			isa = PBXFrameworksBuildPhase;
			buildActionMask = 2147483647;
			files = (
				4D6B06782A49E7A100D8677C /* OpenAISwift in Frameworks */,
			);
			runOnlyForDeploymentPostprocessing = 0;
		};
		4D6B06632A49E5CD00D8677C /* Frameworks */ = {
			isa = PBXFrameworksBuildPhase;
			buildActionMask = 2147483647;
			files = (
				4D6B067B2A49E7D300D8677C /* OpenAISwift in Frameworks */,
			);
			runOnlyForDeploymentPostprocessing = 0;
		};
/* End PBXFrameworksBuildPhase section */

/* Begin PBXGroup section */
		4D2A8F312A4B5E6C008D2940 /* Extensions */ = {
			isa = PBXGroup;
			children = (
				4D2A8F322A4B5E8C008D2940 /* String+Extensions.swift */,
			);
			path = Extensions;
			sourceTree = "<group>";
		};
		4D2A8F342A4B6E43008D2940 /* Managers */ = {
			isa = PBXGroup;
			children = (
				4D2A8F352A4B6E62008D2940 /* CoreDataManager.swift */,
			);
			path = Managers;
			sourceTree = "<group>";
		};
		4D2A8F382A4B6F38008D2940 /* Models */ = {
			isa = PBXGroup;
			children = (
				4D2A8F392A4B6F57008D2940 /* HistoryModel.xcdatamodeld */,
				4D2A8F3C2A4C616C008D2940 /* QueryModel.swift */,
			);
			path = Models;
			sourceTree = "<group>";
		};
		4D6B06482A49DE5800D8677C = {
			isa = PBXGroup;
			children = (
				4D6B06752A49E60400D8677C /* Shared */,
				4D6B06552A49E5AF00D8677C /* iOSChatGPT */,
				4D6B06672A49E5CD00D8677C /* MacOSChatGPT */,
				4D6B06542A49E5AF00D8677C /* Products */,
				4D6B06792A49E7D300D8677C /* Frameworks */,
			);
			sourceTree = "<group>";
		};
		4D6B06542A49E5AF00D8677C /* Products */ = {
			isa = PBXGroup;
			children = (
				4D6B06532A49E5AF00D8677C /* iOSChatGPT.app */,
				4D6B06662A49E5CD00D8677C /* MacOSChatGPT.app */,
			);
			name = Products;
			sourceTree = "<group>";
		};
		4D6B06552A49E5AF00D8677C /* iOSChatGPT */ = {
			isa = PBXGroup;
			children = (
				4D6B067E2A4A123D00D8677C /* Info.plist */,
				4D6B06562A49E5AF00D8677C /* iOSChatGPTApp.swift */,
				4D6B06582A49E5AF00D8677C /* ContentView.swift */,
				4D6B065A2A49E5B200D8677C /* Assets.xcassets */,
				4D6B065C2A49E5B200D8677C /* Preview Content */,
			);
			path = iOSChatGPT;
			sourceTree = "<group>";
		};
		4D6B065C2A49E5B200D8677C /* Preview Content */ = {
			isa = PBXGroup;
			children = (
				4D6B065D2A49E5B200D8677C /* Preview Assets.xcassets */,
			);
			path = "Preview Content";
			sourceTree = "<group>";
		};
		4D6B06672A49E5CD00D8677C /* MacOSChatGPT */ = {
			isa = PBXGroup;
			children = (
				4D6B06682A49E5CD00D8677C /* MacOSChatGPTApp.swift */,
				4D6B066A2A49E5CD00D8677C /* ContentView.swift */,
				4D6B066C2A49E5CE00D8677C /* Assets.xcassets */,
				4D6B06712A49E5CE00D8677C /* MacOSChatGPT.entitlements */,
				4D6B066E2A49E5CE00D8677C /* Preview Content */,
			);
			path = MacOSChatGPT;
			sourceTree = "<group>";
		};
		4D6B066E2A49E5CE00D8677C /* Preview Content */ = {
			isa = PBXGroup;
			children = (
				4D6B066F2A49E5CE00D8677C /* Preview Assets.xcassets */,
			);
			path = "Preview Content";
			sourceTree = "<group>";
		};
		4D6B06752A49E60400D8677C /* Shared */ = {
			isa = PBXGroup;
			children = (
				4D2A8F382A4B6F38008D2940 /* Models */,
				4D2A8F342A4B6E43008D2940 /* Managers */,
				4D2A8F312A4B5E6C008D2940 /* Extensions */,
				4D6B067D2A4A085A00D8677C /* Config.xcconfig */,
				4D8AFDBE2A4A15FA0000FAA5 /* MainView.swift */,
			);
			path = Shared;
			sourceTree = "<group>";
		};
		4D6B06792A49E7D300D8677C /* Frameworks */ = {
			isa = PBXGroup;
			children = (
			);
			name = Frameworks;
			sourceTree = "<group>";
		};
/* End PBXGroup section */

/* Begin PBXNativeTarget section */
		4D6B06522A49E5AF00D8677C /* iOSChatGPT */ = {
			isa = PBXNativeTarget;
			buildConfigurationList = 4D6B065F2A49E5B200D8677C /* Build configuration list for PBXNativeTarget "iOSChatGPT" */;
			buildPhases = (
				4D6B064F2A49E5AF00D8677C /* Sources */,
				4D6B06502A49E5AF00D8677C /* Frameworks */,
				4D6B06512A49E5AF00D8677C /* Resources */,
			);
			buildRules = (
			);
			dependencies = (
			);
			name = iOSChatGPT;
			packageProductDependencies = (
				4D6B06772A49E7A100D8677C /* OpenAISwift */,
			);
			productName = iOSChatGPT;
			productReference = 4D6B06532A49E5AF00D8677C /* iOSChatGPT.app */;
			productType = "com.apple.product-type.application";
		};
		4D6B06652A49E5CD00D8677C /* MacOSChatGPT */ = {
			isa = PBXNativeTarget;
			buildConfigurationList = 4D6B06722A49E5CE00D8677C /* Build configuration list for PBXNativeTarget "MacOSChatGPT" */;
			buildPhases = (
				4D6B06622A49E5CD00D8677C /* Sources */,
				4D6B06632A49E5CD00D8677C /* Frameworks */,
				4D6B06642A49E5CD00D8677C /* Resources */,
			);
			buildRules = (
			);
			dependencies = (
			);
			name = MacOSChatGPT;
			packageProductDependencies = (
				4D6B067A2A49E7D300D8677C /* OpenAISwift */,
			);
			productName = MacOSChatGPT;
			productReference = 4D6B06662A49E5CD00D8677C /* MacOSChatGPT.app */;
			productType = "com.apple.product-type.application";
		};
/* End PBXNativeTarget section */

/* Begin PBXProject section */
		4D6B06492A49DE5800D8677C /* Project object */ = {
			isa = PBXProject;
			attributes = {
				BuildIndependentTargetsInParallel = 1;
				LastSwiftUpdateCheck = 1430;
				LastUpgradeCheck = 1430;
				TargetAttributes = {
					4D6B06522A49E5AF00D8677C = {
						CreatedOnToolsVersion = 14.3.1;
					};
					4D6B06652A49E5CD00D8677C = {
						CreatedOnToolsVersion = 14.3.1;
					};
				};
			};
			buildConfigurationList = 4D6B064C2A49DE5800D8677C /* Build configuration list for PBXProject "ChatGPTApp" */;
			compatibilityVersion = "Xcode 14.0";
			developmentRegion = en;
			hasScannedForEncodings = 0;
			knownRegions = (
				en,
				Base,
			);
			mainGroup = 4D6B06482A49DE5800D8677C;
			packageReferences = (
				4D6B06762A49E7A100D8677C /* XCRemoteSwiftPackageReference "OpenAISwift" */,
			);
			productRefGroup = 4D6B06542A49E5AF00D8677C /* Products */;
			projectDirPath = "";
			projectRoot = "";
			targets = (
				4D6B06522A49E5AF00D8677C /* iOSChatGPT */,
				4D6B06652A49E5CD00D8677C /* MacOSChatGPT */,
			);
		};
/* End PBXProject section */

/* Begin PBXResourcesBuildPhase section */
		4D6B06512A49E5AF00D8677C /* Resources */ = {
			isa = PBXResourcesBuildPhase;
			buildActionMask = 2147483647;
			files = (
				4D6B065E2A49E5B200D8677C /* Preview Assets.xcassets in Resources */,
				4D6B065B2A49E5B200D8677C /* Assets.xcassets in Resources */,
			);
			runOnlyForDeploymentPostprocessing = 0;
		};
		4D6B06642A49E5CD00D8677C /* Resources */ = {
			isa = PBXResourcesBuildPhase;
			buildActionMask = 2147483647;
			files = (
				4D6B06702A49E5CE00D8677C /* Preview Assets.xcassets in Resources */,
				4D6B066D2A49E5CE00D8677C /* Assets.xcassets in Resources */,
			);
			runOnlyForDeploymentPostprocessing = 0;
		};
/* End PBXResourcesBuildPhase section */

/* Begin PBXSourcesBuildPhase section */
		4D6B064F2A49E5AF00D8677C /* Sources */ = {
			isa = PBXSourcesBuildPhase;
			buildActionMask = 2147483647;
			files = (
				4D2A8F332A4B5E8C008D2940 /* String+Extensions.swift in Sources */,
				4D6B06592A49E5AF00D8677C /* ContentView.swift in Sources */,
				4D8AFDBF2A4A15FA0000FAA5 /* MainView.swift in Sources */,
				4D2A8F362A4B6E62008D2940 /* CoreDataManager.swift in Sources */,
				4D2A8F3D2A4C616C008D2940 /* QueryModel.swift in Sources */,
				4D2A8F3B2A4B6F57008D2940 /* HistoryModel.xcdatamodeld in Sources */,
				4D6B06572A49E5AF00D8677C /* iOSChatGPTApp.swift in Sources */,
			);
			runOnlyForDeploymentPostprocessing = 0;
		};
		4D6B06622A49E5CD00D8677C /* Sources */ = {
			isa = PBXSourcesBuildPhase;
			buildActionMask = 2147483647;
			files = (
				4D6B066B2A49E5CD00D8677C /* ContentView.swift in Sources */,
				4D8AFDC02A4A15FA0000FAA5 /* MainView.swift in Sources */,
				4D2A8F372A4B6E6B008D2940 /* CoreDataManager.swift in Sources */,
				4D6B06692A49E5CD00D8677C /* MacOSChatGPTApp.swift in Sources */,
				4D2A8F3E2A4C616C008D2940 /* QueryModel.swift in Sources */,
			);
			runOnlyForDeploymentPostprocessing = 0;
		};
/* End PBXSourcesBuildPhase section */

/* Begin XCBuildConfiguration section */
		4D6B064D2A49DE5800D8677C /* Debug */ = {
			isa = XCBuildConfiguration;
			buildSettings = {
			};
			name = Debug;
		};
		4D6B064E2A49DE5800D8677C /* Release */ = {
			isa = XCBuildConfiguration;
			buildSettings = {
			};
			name = Release;
		};
		4D6B06602A49E5B200D8677C /* Debug */ = {
			isa = XCBuildConfiguration;
			baseConfigurationReference = 4D6B067D2A4A085A00D8677C /* Config.xcconfig */;
			buildSettings = {
				ALWAYS_SEARCH_USER_PATHS = NO;
				ASSETCATALOG_COMPILER_APPICON_NAME = AppIcon;
				ASSETCATALOG_COMPILER_GLOBAL_ACCENT_COLOR_NAME = AccentColor;
				CLANG_ANALYZER_NONNULL = YES;
				CLANG_ANALYZER_NUMBER_OBJECT_CONVERSION = YES_AGGRESSIVE;
				CLANG_CXX_LANGUAGE_STANDARD = "gnu++20";
				CLANG_ENABLE_MODULES = YES;
				CLANG_ENABLE_OBJC_ARC = YES;
				CLANG_ENABLE_OBJC_WEAK = YES;
				CLANG_WARN_BLOCK_CAPTURE_AUTORELEASING = YES;
				CLANG_WARN_BOOL_CONVERSION = YES;
				CLANG_WARN_COMMA = YES;
				CLANG_WARN_CONSTANT_CONVERSION = YES;
				CLANG_WARN_DEPRECATED_OBJC_IMPLEMENTATIONS = YES;
				CLANG_WARN_DIRECT_OBJC_ISA_USAGE = YES_ERROR;
				CLANG_WARN_DOCUMENTATION_COMMENTS = YES;
				CLANG_WARN_EMPTY_BODY = YES;
				CLANG_WARN_ENUM_CONVERSION = YES;
				CLANG_WARN_INFINITE_RECURSION = YES;
				CLANG_WARN_INT_CONVERSION = YES;
				CLANG_WARN_NON_LITERAL_NULL_CONVERSION = YES;
				CLANG_WARN_OBJC_IMPLICIT_RETAIN_SELF = YES;
				CLANG_WARN_OBJC_LITERAL_CONVERSION = YES;
				CLANG_WARN_OBJC_ROOT_CLASS = YES_ERROR;
				CLANG_WARN_QUOTED_INCLUDE_IN_FRAMEWORK_HEADER = YES;
				CLANG_WARN_RANGE_LOOP_ANALYSIS = YES;
				CLANG_WARN_STRICT_PROTOTYPES = YES;
				CLANG_WARN_SUSPICIOUS_MOVE = YES;
				CLANG_WARN_UNGUARDED_AVAILABILITY = YES_AGGRESSIVE;
				CLANG_WARN_UNREACHABLE_CODE = YES;
				CLANG_WARN__DUPLICATE_METHOD_MATCH = YES;
				CODE_SIGN_STYLE = Automatic;
				COPY_PHASE_STRIP = NO;
				CURRENT_PROJECT_VERSION = 1;
				DEBUG_INFORMATION_FORMAT = dwarf;
				DEVELOPMENT_ASSET_PATHS = "\"iOSChatGPT/Preview Content\"";
				DEVELOPMENT_TEAM = 56F54J4H3N;
				ENABLE_PREVIEWS = YES;
				ENABLE_STRICT_OBJC_MSGSEND = YES;
				ENABLE_TESTABILITY = YES;
				GCC_C_LANGUAGE_STANDARD = gnu11;
				GCC_DYNAMIC_NO_PIC = NO;
				GCC_NO_COMMON_BLOCKS = YES;
				GCC_OPTIMIZATION_LEVEL = 0;
				GCC_PREPROCESSOR_DEFINITIONS = (
					"DEBUG=1",
					"$(inherited)",
				);
				GCC_WARN_64_TO_32_BIT_CONVERSION = YES;
				GCC_WARN_ABOUT_RETURN_TYPE = YES_ERROR;
				GCC_WARN_UNDECLARED_SELECTOR = YES;
				GCC_WARN_UNINITIALIZED_AUTOS = YES_AGGRESSIVE;
				GCC_WARN_UNUSED_FUNCTION = YES;
				GCC_WARN_UNUSED_VARIABLE = YES;
				GENERATE_INFOPLIST_FILE = YES;
				INFOPLIST_FILE = iOSChatGPT/Info.plist;
				INFOPLIST_KEY_UIApplicationSceneManifest_Generation = YES;
				INFOPLIST_KEY_UIApplicationSupportsIndirectInputEvents = YES;
				INFOPLIST_KEY_UILaunchScreen_Generation = YES;
				INFOPLIST_KEY_UISupportedInterfaceOrientations_iPad = "UIInterfaceOrientationPortrait UIInterfaceOrientationPortraitUpsideDown UIInterfaceOrientationLandscapeLeft UIInterfaceOrientationLandscapeRight";
				INFOPLIST_KEY_UISupportedInterfaceOrientations_iPhone = "UIInterfaceOrientationPortrait UIInterfaceOrientationLandscapeLeft UIInterfaceOrientationLandscapeRight";
				IPHONEOS_DEPLOYMENT_TARGET = 16.4;
				LD_RUNPATH_SEARCH_PATHS = (
					"$(inherited)",
					"@executable_path/Frameworks",
				);
				MARKETING_VERSION = 1.0;
				MTL_ENABLE_DEBUG_INFO = INCLUDE_SOURCE;
				MTL_FAST_MATH = YES;
				ONLY_ACTIVE_ARCH = YES;
				PRODUCT_BUNDLE_IDENTIFIER = mobilesoftwareservices.iOSChatGPT;
				PRODUCT_NAME = "$(TARGET_NAME)";
				SDKROOT = iphoneos;
				SWIFT_ACTIVE_COMPILATION_CONDITIONS = DEBUG;
				SWIFT_EMIT_LOC_STRINGS = YES;
				SWIFT_OPTIMIZATION_LEVEL = "-Onone";
				SWIFT_VERSION = 5.0;
				TARGETED_DEVICE_FAMILY = "1,2";
			};
			name = Debug;
		};
		4D6B06612A49E5B200D8677C /* Release */ = {
			isa = XCBuildConfiguration;
			baseConfigurationReference = 4D6B067D2A4A085A00D8677C /* Config.xcconfig */;
			buildSettings = {
				ALWAYS_SEARCH_USER_PATHS = NO;
				ASSETCATALOG_COMPILER_APPICON_NAME = AppIcon;
				ASSETCATALOG_COMPILER_GLOBAL_ACCENT_COLOR_NAME = AccentColor;
				CLANG_ANALYZER_NONNULL = YES;
				CLANG_ANALYZER_NUMBER_OBJECT_CONVERSION = YES_AGGRESSIVE;
				CLANG_CXX_LANGUAGE_STANDARD = "gnu++20";
				CLANG_ENABLE_MODULES = YES;
				CLANG_ENABLE_OBJC_ARC = YES;
				CLANG_ENABLE_OBJC_WEAK = YES;
				CLANG_WARN_BLOCK_CAPTURE_AUTORELEASING = YES;
				CLANG_WARN_BOOL_CONVERSION = YES;
				CLANG_WARN_COMMA = YES;
				CLANG_WARN_CONSTANT_CONVERSION = YES;
				CLANG_WARN_DEPRECATED_OBJC_IMPLEMENTATIONS = YES;
				CLANG_WARN_DIRECT_OBJC_ISA_USAGE = YES_ERROR;
				CLANG_WARN_DOCUMENTATION_COMMENTS = YES;
				CLANG_WARN_EMPTY_BODY = YES;
				CLANG_WARN_ENUM_CONVERSION = YES;
				CLANG_WARN_INFINITE_RECURSION = YES;
				CLANG_WARN_INT_CONVERSION = YES;
				CLANG_WARN_NON_LITERAL_NULL_CONVERSION = YES;
				CLANG_WARN_OBJC_IMPLICIT_RETAIN_SELF = YES;
				CLANG_WARN_OBJC_LITERAL_CONVERSION = YES;
				CLANG_WARN_OBJC_ROOT_CLASS = YES_ERROR;
				CLANG_WARN_QUOTED_INCLUDE_IN_FRAMEWORK_HEADER = YES;
				CLANG_WARN_RANGE_LOOP_ANALYSIS = YES;
				CLANG_WARN_STRICT_PROTOTYPES = YES;
				CLANG_WARN_SUSPICIOUS_MOVE = YES;
				CLANG_WARN_UNGUARDED_AVAILABILITY = YES_AGGRESSIVE;
				CLANG_WARN_UNREACHABLE_CODE = YES;
				CLANG_WARN__DUPLICATE_METHOD_MATCH = YES;
				CODE_SIGN_STYLE = Automatic;
				COPY_PHASE_STRIP = NO;
				CURRENT_PROJECT_VERSION = 1;
				DEBUG_INFORMATION_FORMAT = "dwarf-with-dsym";
				DEVELOPMENT_ASSET_PATHS = "\"iOSChatGPT/Preview Content\"";
				DEVELOPMENT_TEAM = 56F54J4H3N;
				ENABLE_NS_ASSERTIONS = NO;
				ENABLE_PREVIEWS = YES;
				ENABLE_STRICT_OBJC_MSGSEND = YES;
				GCC_C_LANGUAGE_STANDARD = gnu11;
				GCC_NO_COMMON_BLOCKS = YES;
				GCC_WARN_64_TO_32_BIT_CONVERSION = YES;
				GCC_WARN_ABOUT_RETURN_TYPE = YES_ERROR;
				GCC_WARN_UNDECLARED_SELECTOR = YES;
				GCC_WARN_UNINITIALIZED_AUTOS = YES_AGGRESSIVE;
				GCC_WARN_UNUSED_FUNCTION = YES;
				GCC_WARN_UNUSED_VARIABLE = YES;
				GENERATE_INFOPLIST_FILE = YES;
				INFOPLIST_FILE = iOSChatGPT/Info.plist;
				INFOPLIST_KEY_UIApplicationSceneManifest_Generation = YES;
				INFOPLIST_KEY_UIApplicationSupportsIndirectInputEvents = YES;
				INFOPLIST_KEY_UILaunchScreen_Generation = YES;
				INFOPLIST_KEY_UISupportedInterfaceOrientations_iPad = "UIInterfaceOrientationPortrait UIInterfaceOrientationPortraitUpsideDown UIInterfaceOrientationLandscapeLeft UIInterfaceOrientationLandscapeRight";
				INFOPLIST_KEY_UISupportedInterfaceOrientations_iPhone = "UIInterfaceOrientationPortrait UIInterfaceOrientationLandscapeLeft UIInterfaceOrientationLandscapeRight";
				IPHONEOS_DEPLOYMENT_TARGET = 16.4;
				LD_RUNPATH_SEARCH_PATHS = (
					"$(inherited)",
					"@executable_path/Frameworks",
				);
				MARKETING_VERSION = 1.0;
				MTL_ENABLE_DEBUG_INFO = NO;
				MTL_FAST_MATH = YES;
				PRODUCT_BUNDLE_IDENTIFIER = mobilesoftwareservices.iOSChatGPT;
				PRODUCT_NAME = "$(TARGET_NAME)";
				SDKROOT = iphoneos;
				SWIFT_COMPILATION_MODE = wholemodule;
				SWIFT_EMIT_LOC_STRINGS = YES;
				SWIFT_OPTIMIZATION_LEVEL = "-O";
				SWIFT_VERSION = 5.0;
				TARGETED_DEVICE_FAMILY = "1,2";
				VALIDATE_PRODUCT = YES;
			};
			name = Release;
		};
		4D6B06732A49E5CE00D8677C /* Debug */ = {
			isa = XCBuildConfiguration;
			baseConfigurationReference = 4D6B067D2A4A085A00D8677C /* Config.xcconfig */;
			buildSettings = {
				ALWAYS_SEARCH_USER_PATHS = NO;
				ASSETCATALOG_COMPILER_APPICON_NAME = AppIcon;
				ASSETCATALOG_COMPILER_GLOBAL_ACCENT_COLOR_NAME = AccentColor;
				CLANG_ANALYZER_NONNULL = YES;
				CLANG_ANALYZER_NUMBER_OBJECT_CONVERSION = YES_AGGRESSIVE;
				CLANG_CXX_LANGUAGE_STANDARD = "gnu++20";
				CLANG_ENABLE_MODULES = YES;
				CLANG_ENABLE_OBJC_ARC = YES;
				CLANG_ENABLE_OBJC_WEAK = YES;
				CLANG_WARN_BLOCK_CAPTURE_AUTORELEASING = YES;
				CLANG_WARN_BOOL_CONVERSION = YES;
				CLANG_WARN_COMMA = YES;
				CLANG_WARN_CONSTANT_CONVERSION = YES;
				CLANG_WARN_DEPRECATED_OBJC_IMPLEMENTATIONS = YES;
				CLANG_WARN_DIRECT_OBJC_ISA_USAGE = YES_ERROR;
				CLANG_WARN_DOCUMENTATION_COMMENTS = YES;
				CLANG_WARN_EMPTY_BODY = YES;
				CLANG_WARN_ENUM_CONVERSION = YES;
				CLANG_WARN_INFINITE_RECURSION = YES;
				CLANG_WARN_INT_CONVERSION = YES;
				CLANG_WARN_NON_LITERAL_NULL_CONVERSION = YES;
				CLANG_WARN_OBJC_IMPLICIT_RETAIN_SELF = YES;
				CLANG_WARN_OBJC_LITERAL_CONVERSION = YES;
				CLANG_WARN_OBJC_ROOT_CLASS = YES_ERROR;
				CLANG_WARN_QUOTED_INCLUDE_IN_FRAMEWORK_HEADER = YES;
				CLANG_WARN_RANGE_LOOP_ANALYSIS = YES;
				CLANG_WARN_STRICT_PROTOTYPES = YES;
				CLANG_WARN_SUSPICIOUS_MOVE = YES;
				CLANG_WARN_UNGUARDED_AVAILABILITY = YES_AGGRESSIVE;
				CLANG_WARN_UNREACHABLE_CODE = YES;
				CLANG_WARN__DUPLICATE_METHOD_MATCH = YES;
				CODE_SIGN_ENTITLEMENTS = MacOSChatGPT/MacOSChatGPT.entitlements;
				CODE_SIGN_STYLE = Automatic;
				COMBINE_HIDPI_IMAGES = YES;
				COPY_PHASE_STRIP = NO;
				CURRENT_PROJECT_VERSION = 1;
				DEBUG_INFORMATION_FORMAT = dwarf;
				DEVELOPMENT_ASSET_PATHS = "\"MacOSChatGPT/Preview Content\"";
				DEVELOPMENT_TEAM = 56F54J4H3N;
				ENABLE_HARDENED_RUNTIME = YES;
				ENABLE_PREVIEWS = YES;
				ENABLE_STRICT_OBJC_MSGSEND = YES;
				ENABLE_TESTABILITY = YES;
				GCC_C_LANGUAGE_STANDARD = gnu11;
				GCC_DYNAMIC_NO_PIC = NO;
				GCC_NO_COMMON_BLOCKS = YES;
				GCC_OPTIMIZATION_LEVEL = 0;
				GCC_PREPROCESSOR_DEFINITIONS = (
					"DEBUG=1",
					"$(inherited)",
				);
				GCC_WARN_64_TO_32_BIT_CONVERSION = YES;
				GCC_WARN_ABOUT_RETURN_TYPE = YES_ERROR;
				GCC_WARN_UNDECLARED_SELECTOR = YES;
				GCC_WARN_UNINITIALIZED_AUTOS = YES_AGGRESSIVE;
				GCC_WARN_UNUSED_FUNCTION = YES;
				GCC_WARN_UNUSED_VARIABLE = YES;
				GENERATE_INFOPLIST_FILE = YES;
				INFOPLIST_KEY_NSHumanReadableCopyright = "";
				LD_RUNPATH_SEARCH_PATHS = (
					"$(inherited)",
					"@executable_path/../Frameworks",
				);
				MACOSX_DEPLOYMENT_TARGET = 13.3;
				MARKETING_VERSION = 1.0;
				MTL_ENABLE_DEBUG_INFO = INCLUDE_SOURCE;
				MTL_FAST_MATH = YES;
				ONLY_ACTIVE_ARCH = YES;
				PRODUCT_BUNDLE_IDENTIFIER = mobilesoftwareservices.MacOSChatGPT;
				PRODUCT_NAME = "$(TARGET_NAME)";
				SDKROOT = macosx;
				SWIFT_ACTIVE_COMPILATION_CONDITIONS = DEBUG;
				SWIFT_EMIT_LOC_STRINGS = YES;
				SWIFT_OPTIMIZATION_LEVEL = "-Onone";
				SWIFT_VERSION = 5.0;
			};
			name = Debug;
		};
		4D6B06742A49E5CE00D8677C /* Release */ = {
			isa = XCBuildConfiguration;
			baseConfigurationReference = 4D6B067D2A4A085A00D8677C /* Config.xcconfig */;
			buildSettings = {
				ALWAYS_SEARCH_USER_PATHS = NO;
				ASSETCATALOG_COMPILER_APPICON_NAME = AppIcon;
				ASSETCATALOG_COMPILER_GLOBAL_ACCENT_COLOR_NAME = AccentColor;
				CLANG_ANALYZER_NONNULL = YES;
				CLANG_ANALYZER_NUMBER_OBJECT_CONVERSION = YES_AGGRESSIVE;
				CLANG_CXX_LANGUAGE_STANDARD = "gnu++20";
				CLANG_ENABLE_MODULES = YES;
				CLANG_ENABLE_OBJC_ARC = YES;
				CLANG_ENABLE_OBJC_WEAK = YES;
				CLANG_WARN_BLOCK_CAPTURE_AUTORELEASING = YES;
				CLANG_WARN_BOOL_CONVERSION = YES;
				CLANG_WARN_COMMA = YES;
				CLANG_WARN_CONSTANT_CONVERSION = YES;
				CLANG_WARN_DEPRECATED_OBJC_IMPLEMENTATIONS = YES;
				CLANG_WARN_DIRECT_OBJC_ISA_USAGE = YES_ERROR;
				CLANG_WARN_DOCUMENTATION_COMMENTS = YES;
				CLANG_WARN_EMPTY_BODY = YES;
				CLANG_WARN_ENUM_CONVERSION = YES;
				CLANG_WARN_INFINITE_RECURSION = YES;
				CLANG_WARN_INT_CONVERSION = YES;
				CLANG_WARN_NON_LITERAL_NULL_CONVERSION = YES;
				CLANG_WARN_OBJC_IMPLICIT_RETAIN_SELF = YES;
				CLANG_WARN_OBJC_LITERAL_CONVERSION = YES;
				CLANG_WARN_OBJC_ROOT_CLASS = YES_ERROR;
				CLANG_WARN_QUOTED_INCLUDE_IN_FRAMEWORK_HEADER = YES;
				CLANG_WARN_RANGE_LOOP_ANALYSIS = YES;
				CLANG_WARN_STRICT_PROTOTYPES = YES;
				CLANG_WARN_SUSPICIOUS_MOVE = YES;
				CLANG_WARN_UNGUARDED_AVAILABILITY = YES_AGGRESSIVE;
				CLANG_WARN_UNREACHABLE_CODE = YES;
				CLANG_WARN__DUPLICATE_METHOD_MATCH = YES;
				CODE_SIGN_ENTITLEMENTS = MacOSChatGPT/MacOSChatGPT.entitlements;
				CODE_SIGN_STYLE = Automatic;
				COMBINE_HIDPI_IMAGES = YES;
				COPY_PHASE_STRIP = NO;
				CURRENT_PROJECT_VERSION = 1;
				DEBUG_INFORMATION_FORMAT = "dwarf-with-dsym";
				DEVELOPMENT_ASSET_PATHS = "\"MacOSChatGPT/Preview Content\"";
				DEVELOPMENT_TEAM = 56F54J4H3N;
				ENABLE_HARDENED_RUNTIME = YES;
				ENABLE_NS_ASSERTIONS = NO;
				ENABLE_PREVIEWS = YES;
				ENABLE_STRICT_OBJC_MSGSEND = YES;
				GCC_C_LANGUAGE_STANDARD = gnu11;
				GCC_NO_COMMON_BLOCKS = YES;
				GCC_WARN_64_TO_32_BIT_CONVERSION = YES;
				GCC_WARN_ABOUT_RETURN_TYPE = YES_ERROR;
				GCC_WARN_UNDECLARED_SELECTOR = YES;
				GCC_WARN_UNINITIALIZED_AUTOS = YES_AGGRESSIVE;
				GCC_WARN_UNUSED_FUNCTION = YES;
				GCC_WARN_UNUSED_VARIABLE = YES;
				GENERATE_INFOPLIST_FILE = YES;
				INFOPLIST_KEY_NSHumanReadableCopyright = "";
				LD_RUNPATH_SEARCH_PATHS = (
					"$(inherited)",
					"@executable_path/../Frameworks",
				);
				MACOSX_DEPLOYMENT_TARGET = 13.3;
				MARKETING_VERSION = 1.0;
				MTL_ENABLE_DEBUG_INFO = NO;
				MTL_FAST_MATH = YES;
				PRODUCT_BUNDLE_IDENTIFIER = mobilesoftwareservices.MacOSChatGPT;
				PRODUCT_NAME = "$(TARGET_NAME)";
				SDKROOT = macosx;
				SWIFT_COMPILATION_MODE = wholemodule;
				SWIFT_EMIT_LOC_STRINGS = YES;
				SWIFT_OPTIMIZATION_LEVEL = "-O";
				SWIFT_VERSION = 5.0;
			};
			name = Release;
		};
/* End XCBuildConfiguration section */

/* Begin XCConfigurationList section */
		4D6B064C2A49DE5800D8677C /* Build configuration list for PBXProject "ChatGPTApp" */ = {
			isa = XCConfigurationList;
			buildConfigurations = (
				4D6B064D2A49DE5800D8677C /* Debug */,
				4D6B064E2A49DE5800D8677C /* Release */,
			);
			defaultConfigurationIsVisible = 0;
			defaultConfigurationName = Release;
		};
		4D6B065F2A49E5B200D8677C /* Build configuration list for PBXNativeTarget "iOSChatGPT" */ = {
			isa = XCConfigurationList;
			buildConfigurations = (
				4D6B06602A49E5B200D8677C /* Debug */,
				4D6B06612A49E5B200D8677C /* Release */,
			);
			defaultConfigurationIsVisible = 0;
			defaultConfigurationName = Release;
		};
		4D6B06722A49E5CE00D8677C /* Build configuration list for PBXNativeTarget "MacOSChatGPT" */ = {
			isa = XCConfigurationList;
			buildConfigurations = (
				4D6B06732A49E5CE00D8677C /* Debug */,
				4D6B06742A49E5CE00D8677C /* Release */,
			);
			defaultConfigurationIsVisible = 0;
			defaultConfigurationName = Release;
		};
/* End XCConfigurationList section */

/* Begin XCRemoteSwiftPackageReference section */
		4D6B06762A49E7A100D8677C /* XCRemoteSwiftPackageReference "OpenAISwift" */ = {
			isa = XCRemoteSwiftPackageReference;
			repositoryURL = "https://github.com/adamrushy/OpenAISwift";
			requirement = {
				kind = upToNextMajorVersion;
				minimumVersion = 1.0.0;
			};
		};
/* End XCRemoteSwiftPackageReference section */

/* Begin XCSwiftPackageProductDependency section */
		4D6B06772A49E7A100D8677C /* OpenAISwift */ = {
			isa = XCSwiftPackageProductDependency;
			package = 4D6B06762A49E7A100D8677C /* XCRemoteSwiftPackageReference "OpenAISwift" */;
			productName = OpenAISwift;
		};
		4D6B067A2A49E7D300D8677C /* OpenAISwift */ = {
			isa = XCSwiftPackageProductDependency;
			package = 4D6B06762A49E7A100D8677C /* XCRemoteSwiftPackageReference "OpenAISwift" */;
			productName = OpenAISwift;
		};
/* End XCSwiftPackageProductDependency section */

/* Begin XCVersionGroup section */
		4D2A8F392A4B6F57008D2940 /* HistoryModel.xcdatamodeld */ = {
			isa = XCVersionGroup;
			children = (
				4D2A8F3A2A4B6F57008D2940 /* HistoryModel.xcdatamodel */,
			);
			currentVersion = 4D2A8F3A2A4B6F57008D2940 /* HistoryModel.xcdatamodel */;
			path = HistoryModel.xcdatamodeld;
			sourceTree = "<group>";
			versionGroupType = wrapper.xcdatamodel;
		};
/* End XCVersionGroup section */
	};
	rootObject = 4D6B06492A49DE5800D8677C /* Project object */;
}
